// !$*UTF8*$!
{
	archiveVersion = 1;
	classes = {
	};
	objectVersion = 51;
	objects = {

/* Begin PBXBuildFile section */
		037B8CB2D64C7AE19CA768FB /* libPods-geolocation.a in Frameworks */ = {isa = PBXBuildFile; fileRef = A01D203AD8CF1B09C5A9D19D /* libPods-geolocation.a */; };
		D7461AD8246019C300700621 /* apikey.plist in Resources */ = {isa = PBXBuildFile; fileRef = D7461AD7246019C300700621 /* apikey.plist */; };
		D7846676245FF39900FD1142 /* AppDelegate.swift in Sources */ = {isa = PBXBuildFile; fileRef = D7846675245FF39900FD1142 /* AppDelegate.swift */; };
		D7846678245FF39900FD1142 /* SceneDelegate.swift in Sources */ = {isa = PBXBuildFile; fileRef = D7846677245FF39900FD1142 /* SceneDelegate.swift */; };
		D784667A245FF39900FD1142 /* ViewController.swift in Sources */ = {isa = PBXBuildFile; fileRef = D7846679245FF39900FD1142 /* ViewController.swift */; };
		D784667D245FF39900FD1142 /* Main.storyboard in Resources */ = {isa = PBXBuildFile; fileRef = D784667B245FF39900FD1142 /* Main.storyboard */; };
		D784667F245FF39E00FD1142 /* Assets.xcassets in Resources */ = {isa = PBXBuildFile; fileRef = D784667E245FF39E00FD1142 /* Assets.xcassets */; };
		D7846682245FF39E00FD1142 /* LaunchScreen.storyboard in Resources */ = {isa = PBXBuildFile; fileRef = D7846680245FF39E00FD1142 /* LaunchScreen.storyboard */; };
		D792B7D42462F618009E9EA4 /* DoubleExtension.swift in Sources */ = {isa = PBXBuildFile; fileRef = D792B7D32462F618009E9EA4 /* DoubleExtension.swift */; };
/* End PBXBuildFile section */

/* Begin PBXFileReference section */
		7D6ED6404C35FCA4FF3203FC /* Pods-geolocation.release.xcconfig */ = {isa = PBXFileReference; includeInIndex = 1; lastKnownFileType = text.xcconfig; name = "Pods-geolocation.release.xcconfig"; path = "Target Support Files/Pods-geolocation/Pods-geolocation.release.xcconfig"; sourceTree = "<group>"; };
		8BC717E286D1DCD0CBAADB7A /* Pods-geolocation.debug.xcconfig */ = {isa = PBXFileReference; includeInIndex = 1; lastKnownFileType = text.xcconfig; name = "Pods-geolocation.debug.xcconfig"; path = "Target Support Files/Pods-geolocation/Pods-geolocation.debug.xcconfig"; sourceTree = "<group>"; };
		A01D203AD8CF1B09C5A9D19D /* libPods-geolocation.a */ = {isa = PBXFileReference; explicitFileType = archive.ar; includeInIndex = 0; path = "libPods-geolocation.a"; sourceTree = BUILT_PRODUCTS_DIR; };
		D7461AD7246019C300700621 /* apikey.plist */ = {isa = PBXFileReference; lastKnownFileType = text.plist.xml; path = apikey.plist; sourceTree = "<group>"; };
		D7846672245FF39900FD1142 /* geolocation.app */ = {isa = PBXFileReference; explicitFileType = wrapper.application; includeInIndex = 0; path = geolocation.app; sourceTree = BUILT_PRODUCTS_DIR; };
		D7846675245FF39900FD1142 /* AppDelegate.swift */ = {isa = PBXFileReference; lastKnownFileType = sourcecode.swift; path = AppDelegate.swift; sourceTree = "<group>"; };
		D7846677245FF39900FD1142 /* SceneDelegate.swift */ = {isa = PBXFileReference; lastKnownFileType = sourcecode.swift; path = SceneDelegate.swift; sourceTree = "<group>"; };
		D7846679245FF39900FD1142 /* ViewController.swift */ = {isa = PBXFileReference; lastKnownFileType = sourcecode.swift; path = ViewController.swift; sourceTree = "<group>"; };
		D784667C245FF39900FD1142 /* Base */ = {isa = PBXFileReference; lastKnownFileType = file.storyboard; name = Base; path = Base.lproj/Main.storyboard; sourceTree = "<group>"; };
		D784667E245FF39E00FD1142 /* Assets.xcassets */ = {isa = PBXFileReference; lastKnownFileType = folder.assetcatalog; path = Assets.xcassets; sourceTree = "<group>"; };
		D7846681245FF39E00FD1142 /* Base */ = {isa = PBXFileReference; lastKnownFileType = file.storyboard; name = Base; path = Base.lproj/LaunchScreen.storyboard; sourceTree = "<group>"; };
		D7846683245FF39E00FD1142 /* Info.plist */ = {isa = PBXFileReference; lastKnownFileType = text.plist.xml; path = Info.plist; sourceTree = "<group>"; };
		D792B7D32462F618009E9EA4 /* DoubleExtension.swift */ = {isa = PBXFileReference; lastKnownFileType = sourcecode.swift; path = DoubleExtension.swift; sourceTree = "<group>"; };
/* End PBXFileReference section */

/* Begin PBXFrameworksBuildPhase section */
		D784666F245FF39900FD1142 /* Frameworks */ = {
			isa = PBXFrameworksBuildPhase;
			buildActionMask = 2147483647;
			files = (
				037B8CB2D64C7AE19CA768FB /* libPods-geolocation.a in Frameworks */,
			);
			runOnlyForDeploymentPostprocessing = 0;
		};
/* End PBXFrameworksBuildPhase section */

/* Begin PBXGroup section */
		726463F522E7C6EF3DCD10AA /* Pods */ = {
			isa = PBXGroup;
			children = (
				8BC717E286D1DCD0CBAADB7A /* Pods-geolocation.debug.xcconfig */,
				7D6ED6404C35FCA4FF3203FC /* Pods-geolocation.release.xcconfig */,
			);
			path = Pods;
			sourceTree = "<group>";
		};
		D7846669245FF39900FD1142 = {
			isa = PBXGroup;
			children = (
				D7461AD7246019C300700621 /* apikey.plist */,
				D7846674245FF39900FD1142 /* geolocation */,
				D7846673245FF39900FD1142 /* Products */,
				726463F522E7C6EF3DCD10AA /* Pods */,
				E05AA37CA54CB05996EFB3A0 /* Frameworks */,
			);
			sourceTree = "<group>";
		};
		D7846673245FF39900FD1142 /* Products */ = {
			isa = PBXGroup;
			children = (
				D7846672245FF39900FD1142 /* geolocation.app */,
			);
			name = Products;
			sourceTree = "<group>";
		};
		D7846674245FF39900FD1142 /* geolocation */ = {
			isa = PBXGroup;
			children = (
				D7846675245FF39900FD1142 /* AppDelegate.swift */,
				D7846677245FF39900FD1142 /* SceneDelegate.swift */,
				D7846679245FF39900FD1142 /* ViewController.swift */,
				D792B7D32462F618009E9EA4 /* DoubleExtension.swift */,
				D784667B245FF39900FD1142 /* Main.storyboard */,
				D784667E245FF39E00FD1142 /* Assets.xcassets */,
				D7846680245FF39E00FD1142 /* LaunchScreen.storyboard */,
				D7846683245FF39E00FD1142 /* Info.plist */,
			);
			path = geolocation;
			sourceTree = "<group>";
		};
		E05AA37CA54CB05996EFB3A0 /* Frameworks */ = {
			isa = PBXGroup;
			children = (
				A01D203AD8CF1B09C5A9D19D /* libPods-geolocation.a */,
			);
			name = Frameworks;
			sourceTree = "<group>";
		};
/* End PBXGroup section */

/* Begin PBXNativeTarget section */
		D7846671245FF39900FD1142 /* geolocation */ = {
			isa = PBXNativeTarget;
			buildConfigurationList = D7846686245FF39E00FD1142 /* Build configuration list for PBXNativeTarget "geolocation" */;
			buildPhases = (
				7D14904D4E212F05C9C77C06 /* [CP] Check Pods Manifest.lock */,
				D784666E245FF39900FD1142 /* Sources */,
				D784666F245FF39900FD1142 /* Frameworks */,
				D7846670245FF39900FD1142 /* Resources */,
				2CB5ED2A54F8C32F8E28615E /* [CP] Copy Pods Resources */,
			);
			buildRules = (
			);
			dependencies = (
			);
			name = geolocation;
			productName = geolocation;
			productReference = D7846672245FF39900FD1142 /* geolocation.app */;
			productType = "com.apple.product-type.application";
		};
/* End PBXNativeTarget section */

/* Begin PBXProject section */
		D784666A245FF39900FD1142 /* Project object */ = {
			isa = PBXProject;
			attributes = {
				LastSwiftUpdateCheck = 1140;
				LastUpgradeCheck = 1140;
				ORGANIZATIONNAME = "GCL Project";
				TargetAttributes = {
					D7846671245FF39900FD1142 = {
						CreatedOnToolsVersion = 11.4.1;
					};
				};
			};
			buildConfigurationList = D784666D245FF39900FD1142 /* Build configuration list for PBXProject "geolocation" */;
			compatibilityVersion = "Xcode 9.3";
			developmentRegion = en;
			hasScannedForEncodings = 0;
			knownRegions = (
				en,
				Base,
			);
			mainGroup = D7846669245FF39900FD1142;
			productRefGroup = D7846673245FF39900FD1142 /* Products */;
			projectDirPath = "";
			projectRoot = "";
			targets = (
				D7846671245FF39900FD1142 /* geolocation */,
			);
		};
/* End PBXProject section */

/* Begin PBXResourcesBuildPhase section */
		D7846670245FF39900FD1142 /* Resources */ = {
			isa = PBXResourcesBuildPhase;
			buildActionMask = 2147483647;
			files = (
				D7846682245FF39E00FD1142 /* LaunchScreen.storyboard in Resources */,
				D7461AD8246019C300700621 /* apikey.plist in Resources */,
				D784667F245FF39E00FD1142 /* Assets.xcassets in Resources */,
				D784667D245FF39900FD1142 /* Main.storyboard in Resources */,
			);
			runOnlyForDeploymentPostprocessing = 0;
		};
/* End PBXResourcesBuildPhase section */

/* Begin PBXShellScriptBuildPhase section */
		2CB5ED2A54F8C32F8E28615E /* [CP] Copy Pods Resources */ = {
			isa = PBXShellScriptBuildPhase;
			buildActionMask = 2147483647;
			files = (
			);
			inputFileListPaths = (
				"${PODS_ROOT}/Target Support Files/Pods-geolocation/Pods-geolocation-resources-${CONFIGURATION}-input-files.xcfilelist",
			);
			name = "[CP] Copy Pods Resources";
			outputFileListPaths = (
				"${PODS_ROOT}/Target Support Files/Pods-geolocation/Pods-geolocation-resources-${CONFIGURATION}-output-files.xcfilelist",
			);
			runOnlyForDeploymentPostprocessing = 0;
			shellPath = /bin/sh;
			shellScript = "\"${PODS_ROOT}/Target Support Files/Pods-geolocation/Pods-geolocation-resources.sh\"\n";
			showEnvVarsInLog = 0;
		};
		7D14904D4E212F05C9C77C06 /* [CP] Check Pods Manifest.lock */ = {
			isa = PBXShellScriptBuildPhase;
			buildActionMask = 2147483647;
			files = (
			);
			inputFileListPaths = (
			);
			inputPaths = (
				"${PODS_PODFILE_DIR_PATH}/Podfile.lock",
				"${PODS_ROOT}/Manifest.lock",
			);
			name = "[CP] Check Pods Manifest.lock";
			outputFileListPaths = (
			);
			outputPaths = (
				"$(DERIVED_FILE_DIR)/Pods-geolocation-checkManifestLockResult.txt",
			);
			runOnlyForDeploymentPostprocessing = 0;
			shellPath = /bin/sh;
			shellScript = "diff \"${PODS_PODFILE_DIR_PATH}/Podfile.lock\" \"${PODS_ROOT}/Manifest.lock\" > /dev/null\nif [ $? != 0 ] ; then\n    # print error to STDERR\n    echo \"error: The sandbox is not in sync with the Podfile.lock. Run 'pod install' or update your CocoaPods installation.\" >&2\n    exit 1\nfi\n# This output is used by Xcode 'outputs' to avoid re-running this script phase.\necho \"SUCCESS\" > \"${SCRIPT_OUTPUT_FILE_0}\"\n";
			showEnvVarsInLog = 0;
		};
/* End PBXShellScriptBuildPhase section */

/* Begin PBXSourcesBuildPhase section */
		D784666E245FF39900FD1142 /* Sources */ = {
			isa = PBXSourcesBuildPhase;
			buildActionMask = 2147483647;
			files = (
				D792B7D42462F618009E9EA4 /* DoubleExtension.swift in Sources */,
				D784667A245FF39900FD1142 /* ViewController.swift in Sources */,
				D7846676245FF39900FD1142 /* AppDelegate.swift in Sources */,
				D7846678245FF39900FD1142 /* SceneDelegate.swift in Sources */,
			);
			runOnlyForDeploymentPostprocessing = 0;
		};
/* End PBXSourcesBuildPhase section */

/* Begin PBXVariantGroup section */
		D784667B245FF39900FD1142 /* Main.storyboard */ = {
			isa = PBXVariantGroup;
			children = (
				D784667C245FF39900FD1142 /* Base */,
			);
			name = Main.storyboard;
			sourceTree = "<group>";
		};
		D7846680245FF39E00FD1142 /* LaunchScreen.storyboard */ = {
			isa = PBXVariantGroup;
			children = (
				D7846681245FF39E00FD1142 /* Base */,
			);
			name = LaunchScreen.storyboard;
			sourceTree = "<group>";
		};
/* End PBXVariantGroup section */

/* Begin XCBuildConfiguration section */
		D7846684245FF39E00FD1142 /* Debug */ = {
			isa = XCBuildConfiguration;
			buildSettings = {
				ALWAYS_SEARCH_USER_PATHS = NO;
				CLANG_ANALYZER_NONNULL = YES;
				CLANG_ANALYZER_NUMBER_OBJECT_CONVERSION = YES_AGGRESSIVE;
				CLANG_CXX_LANGUAGE_STANDARD = "gnu++14";
				CLANG_CXX_LIBRARY = "libc++";
				CLANG_ENABLE_MODULES = YES;
				CLANG_ENABLE_OBJC_ARC = YES;
				CLANG_ENABLE_OBJC_WEAK = YES;
				CLANG_WARN_BLOCK_CAPTURE_AUTORELEASING = YES;
				CLANG_WARN_BOOL_CONVERSION = YES;
				CLANG_WARN_COMMA = YES;
				CLANG_WARN_CONSTANT_CONVERSION = YES;
				CLANG_WARN_DEPRECATED_OBJC_IMPLEMENTATIONS = YES;
				CLANG_WARN_DIRECT_OBJC_ISA_USAGE = YES_ERROR;
				CLANG_WARN_DOCUMENTATION_COMMENTS = YES;
				CLANG_WARN_EMPTY_BODY = YES;
				CLANG_WARN_ENUM_CONVERSION = YES;
				CLANG_WARN_INFINITE_RECURSION = YES;
				CLANG_WARN_INT_CONVERSION = YES;
				CLANG_WARN_NON_LITERAL_NULL_CONVERSION = YES;
				CLANG_WARN_OBJC_IMPLICIT_RETAIN_SELF = YES;
				CLANG_WARN_OBJC_LITERAL_CONVERSION = YES;
				CLANG_WARN_OBJC_ROOT_CLASS = YES_ERROR;
				CLANG_WARN_RANGE_LOOP_ANALYSIS = YES;
				CLANG_WARN_STRICT_PROTOTYPES = YES;
				CLANG_WARN_SUSPICIOUS_MOVE = YES;
				CLANG_WARN_UNGUARDED_AVAILABILITY = YES_AGGRESSIVE;
				CLANG_WARN_UNREACHABLE_CODE = YES;
				CLANG_WARN__DUPLICATE_METHOD_MATCH = YES;
				COPY_PHASE_STRIP = NO;
				DEBUG_INFORMATION_FORMAT = dwarf;
				ENABLE_STRICT_OBJC_MSGSEND = YES;
				ENABLE_TESTABILITY = YES;
				GCC_C_LANGUAGE_STANDARD = gnu11;
				GCC_DYNAMIC_NO_PIC = NO;
				GCC_NO_COMMON_BLOCKS = YES;
				GCC_OPTIMIZATION_LEVEL = 0;
				GCC_PREPROCESSOR_DEFINITIONS = (
					"DEBUG=1",
					"$(inherited)",
				);
				GCC_WARN_64_TO_32_BIT_CONVERSION = YES;
				GCC_WARN_ABOUT_RETURN_TYPE = YES_ERROR;
				GCC_WARN_UNDECLARED_SELECTOR = YES;
				GCC_WARN_UNINITIALIZED_AUTOS = YES_AGGRESSIVE;
				GCC_WARN_UNUSED_FUNCTION = YES;
				GCC_WARN_UNUSED_VARIABLE = YES;
				IPHONEOS_DEPLOYMENT_TARGET = 13.4;
				MTL_ENABLE_DEBUG_INFO = INCLUDE_SOURCE;
				MTL_FAST_MATH = YES;
				ONLY_ACTIVE_ARCH = YES;
				SDKROOT = iphoneos;
				SWIFT_ACTIVE_COMPILATION_CONDITIONS = DEBUG;
				SWIFT_OPTIMIZATION_LEVEL = "-Onone";
			};
			name = Debug;
		};
		D7846685245FF39E00FD1142 /* Release */ = {
			isa = XCBuildConfiguration;
			buildSettings = {
				ALWAYS_SEARCH_USER_PATHS = NO;
				CLANG_ANALYZER_NONNULL = YES;
				CLANG_ANALYZER_NUMBER_OBJECT_CONVERSION = YES_AGGRESSIVE;
				CLANG_CXX_LANGUAGE_STANDARD = "gnu++14";
				CLANG_CXX_LIBRARY = "libc++";
				CLANG_ENABLE_MODULES = YES;
				CLANG_ENABLE_OBJC_ARC = YES;
				CLANG_ENABLE_OBJC_WEAK = YES;
				CLANG_WARN_BLOCK_CAPTURE_AUTORELEASING = YES;
				CLANG_WARN_BOOL_CONVERSION = YES;
				CLANG_WARN_COMMA = YES;
				CLANG_WARN_CONSTANT_CONVERSION = YES;
				CLANG_WARN_DEPRECATED_OBJC_IMPLEMENTATIONS = YES;
				CLANG_WARN_DIRECT_OBJC_ISA_USAGE = YES_ERROR;
				CLANG_WARN_DOCUMENTATION_COMMENTS = YES;
				CLANG_WARN_EMPTY_BODY = YES;
				CLANG_WARN_ENUM_CONVERSION = YES;
				CLANG_WARN_INFINITE_RECURSION = YES;
				CLANG_WARN_INT_CONVERSION = YES;
				CLANG_WARN_NON_LITERAL_NULL_CONVERSION = YES;
				CLANG_WARN_OBJC_IMPLICIT_RETAIN_SELF = YES;
				CLANG_WARN_OBJC_LITERAL_CONVERSION = YES;
				CLANG_WARN_OBJC_ROOT_CLASS = YES_ERROR;
				CLANG_WARN_RANGE_LOOP_ANALYSIS = YES;
				CLANG_WARN_STRICT_PROTOTYPES = YES;
				CLANG_WARN_SUSPICIOUS_MOVE = YES;
				CLANG_WARN_UNGUARDED_AVAILABILITY = YES_AGGRESSIVE;
				CLANG_WARN_UNREACHABLE_CODE = YES;
				CLANG_WARN__DUPLICATE_METHOD_MATCH = YES;
				COPY_PHASE_STRIP = NO;
				DEBUG_INFORMATION_FORMAT = "dwarf-with-dsym";
				ENABLE_NS_ASSERTIONS = NO;
				ENABLE_STRICT_OBJC_MSGSEND = YES;
				GCC_C_LANGUAGE_STANDARD = gnu11;
				GCC_NO_COMMON_BLOCKS = YES;
				GCC_WARN_64_TO_32_BIT_CONVERSION = YES;
				GCC_WARN_ABOUT_RETURN_TYPE = YES_ERROR;
				GCC_WARN_UNDECLARED_SELECTOR = YES;
				GCC_WARN_UNINITIALIZED_AUTOS = YES_AGGRESSIVE;
				GCC_WARN_UNUSED_FUNCTION = YES;
				GCC_WARN_UNUSED_VARIABLE = YES;
				IPHONEOS_DEPLOYMENT_TARGET = 13.4;
				MTL_ENABLE_DEBUG_INFO = NO;
				MTL_FAST_MATH = YES;
				SDKROOT = iphoneos;
				SWIFT_COMPILATION_MODE = wholemodule;
				SWIFT_OPTIMIZATION_LEVEL = "-O";
				VALIDATE_PRODUCT = YES;
			};
			name = Release;
		};
		D7846687245FF39E00FD1142 /* Debug */ = {
			isa = XCBuildConfiguration;
			baseConfigurationReference = 8BC717E286D1DCD0CBAADB7A /* Pods-geolocation.debug.xcconfig */;
			buildSettings = {
				ASSETCATALOG_COMPILER_APPICON_NAME = AppIcon;
				CODE_SIGN_STYLE = Automatic;
				INFOPLIST_FILE = geolocation/Info.plist;
				LD_RUNPATH_SEARCH_PATHS = (
					"$(inherited)",
					"@executable_path/Frameworks",
				);
				PRODUCT_BUNDLE_IDENTIFIER = chunlin.lunar.geolocation;
				PRODUCT_NAME = "$(TARGET_NAME)";
				SWIFT_VERSION = 5.0;
				TARGETED_DEVICE_FAMILY = "1,2";
			};
			name = Debug;
		};
		D7846688245FF39E00FD1142 /* Release */ = {
			isa = XCBuildConfiguration;
			baseConfigurationReference = 7D6ED6404C35FCA4FF3203FC /* Pods-geolocation.release.xcconfig */;
			buildSettings = {
				ASSETCATALOG_COMPILER_APPICON_NAME = AppIcon;
				CODE_SIGN_STYLE = Automatic;
				INFOPLIST_FILE = geolocation/Info.plist;
				LD_RUNPATH_SEARCH_PATHS = (
					"$(inherited)",
					"@executable_path/Frameworks",
				);
				PRODUCT_BUNDLE_IDENTIFIER = chunlin.lunar.geolocation;
				PRODUCT_NAME = "$(TARGET_NAME)";
				SWIFT_VERSION = 5.0;
				TARGETED_DEVICE_FAMILY = "1,2";
			};
			name = Release;
		};
/* End XCBuildConfiguration section */

/* Begin XCConfigurationList section */
		D784666D245FF39900FD1142 /* Build configuration list for PBXProject "geolocation" */ = {
			isa = XCConfigurationList;
			buildConfigurations = (
				D7846684245FF39E00FD1142 /* Debug */,
				D7846685245FF39E00FD1142 /* Release */,
			);
			defaultConfigurationIsVisible = 0;
			defaultConfigurationName = Release;
		};
		D7846686245FF39E00FD1142 /* Build configuration list for PBXNativeTarget "geolocation" */ = {
			isa = XCConfigurationList;
			buildConfigurations = (
				D7846687245FF39E00FD1142 /* Debug */,
				D7846688245FF39E00FD1142 /* Release */,
			);
			defaultConfigurationIsVisible = 0;
			defaultConfigurationName = Release;
		};
/* End XCConfigurationList section */
	};
	rootObject = D784666A245FF39900FD1142 /* Project object */;
}
